
Microsoft Visual Studio Solution File, Format Version 12.00
# Visual Studio Version 17
VisualStudioVersion = 17.7.34024.191
MinimumVisualStudioVersion = 10.0.40219.1
Project("{FAE04EC0-301F-11D3-BF4B-00C04F79EFBC}") = "TestApp", "TestApp.csproj", "{F90919BF-091B-4E15-912B-BD202E4989E3}"
EndProject
Global
	GlobalSection(SolutionConfigurationPlatforms) = preSolution
		Debug|Any CPU = Debug|Any CPU
		Release|Any CPU = Release|Any CPU
	EndGlobalSection
	GlobalSection(ProjectConfigurationPlatforms) = postSolution
		{F90919BF-091B-4E15-912B-BD202E4989E3}.Debug|Any CPU.ActiveCfg = Debug|Any CPU
		{F90919BF-091B-4E15-912B-BD202E4989E3}.Debug|Any CPU.Build.0 = Debug|Any CPU
		{F90919BF-091B-4E15-912B-BD202E4989E3}.Release|Any CPU.ActiveCfg = Release|Any CPU
		{F90919BF-091B-4E15-912B-BD202E4989E3}.Release|Any CPU.Build.0 = Release|Any CPU
	EndGlobalSection
	GlobalSection(SolutionProperties) = preSolution
		HideSolutionNode = FALSE
	EndGlobalSection
	GlobalSection(ExtensibilityGlobals) = postSolution
		SolutionGuid = {8E84ABDD-8EE0-47E3-9C3F-0E0172F146CE}
	EndGlobalSection
EndGlobal
